dependencies:
- name: traefik
  repository: https://helm.traefik.io/traefik
  version: 9.8.3
- name: redis
  repository: https://charts.bitnami.com/bitnami
  version: 11.0.3
digest: sha256:38feacfa65e80648d90f0a5aed4515e7ac6456161b5fda1c1454292191a573a1
generated: "2021-04-19T11:48:26.436377+08:00"
